
Microsoft Visual Studio Solution File, Format Version 12.00
# Visual Studio Version 16
VisualStudioVersion = 16.0.29326.143
MinimumVisualStudioVersion = 10.0.40219.1
Project("{FAE04EC0-301F-11D3-BF4B-00C04F79EFBC}") = "Ateliex", "Ateliex\Ateliex.csproj", "{F39338A2-37A7-40EB-BD00-A30ADDC99F15}"
EndProject
Project("{FAE04EC0-301F-11D3-BF4B-00C04F79EFBC}") = "Ateliex.Models", "Ateliex.Models\Ateliex.Models.csproj", "{27443E5B-1EAD-4549-A753-9C83F71A0C9A}"
EndProject
Global
	GlobalSection(SolutionConfigurationPlatforms) = preSolution
		Debug|Any CPU = Debug|Any CPU
		Release|Any CPU = Release|Any CPU
	EndGlobalSection
	GlobalSection(ProjectConfigurationPlatforms) = postSolution
		{F39338A2-37A7-40EB-BD00-A30ADDC99F15}.Debug|Any CPU.ActiveCfg = Debug|Any CPU
		{F39338A2-37A7-40EB-BD00-A30ADDC99F15}.Debug|Any CPU.Build.0 = Debug|Any CPU
		{F39338A2-37A7-40EB-BD00-A30ADDC99F15}.Release|Any CPU.ActiveCfg = Release|Any CPU
		{F39338A2-37A7-40EB-BD00-A30ADDC99F15}.Release|Any CPU.Build.0 = Release|Any CPU
		{27443E5B-1EAD-4549-A753-9C83F71A0C9A}.Debug|Any CPU.ActiveCfg = Debug|Any CPU
		{27443E5B-1EAD-4549-A753-9C83F71A0C9A}.Debug|Any CPU.Build.0 = Debug|Any CPU
		{27443E5B-1EAD-4549-A753-9C83F71A0C9A}.Release|Any CPU.ActiveCfg = Release|Any CPU
		{27443E5B-1EAD-4549-A753-9C83F71A0C9A}.Release|Any CPU.Build.0 = Release|Any CPU
	EndGlobalSection
	GlobalSection(SolutionProperties) = preSolution
		HideSolutionNode = FALSE
	EndGlobalSection
	GlobalSection(ExtensibilityGlobals) = postSolution
		SolutionGuid = {77511B89-6C2F-418C-9FCA-E84E99D314FA}
	EndGlobalSection
EndGlobal
