
Microsoft Visual Studio Solution File, Format Version 12.00
# Visual Studio Version 17
VisualStudioVersion = 17.0.31912.275
MinimumVisualStudioVersion = 10.0.40219.1
Project("{9A19103F-16F7-4668-BE54-9A1E7A4F7556}") = "Ateliex.Windows", "src\Ateliex.Windows\Ateliex.Windows.csproj", "{D5FCE03C-4FB5-475B-BBD6-BA4F75211680}"
EndProject
Project("{9A19103F-16F7-4668-BE54-9A1E7A4F7556}") = "Ateliex.Web", "src\Ateliex.Web\Ateliex.Web.csproj", "{A7AF7EF0-EAE7-4A5E-8A06-C80E667F381E}"
EndProject
Project("{2150E333-8FDC-42A3-9474-1A3956D46DE8}") = "1 - Apresentação", "1 - Apresentação", "{F487EBF7-B916-4C68-AB6D-BEA7552CCC5D}"
EndProject
Project("{2150E333-8FDC-42A3-9474-1A3956D46DE8}") = "3 - Domínio", "3 - Domínio", "{79517817-E22F-40FC-A6C4-D78E6B2524F7}"
EndProject
Project("{2150E333-8FDC-42A3-9474-1A3956D46DE8}") = "4 - Infraestrutura", "4 - Infraestrutura", "{71E464C9-1F85-4DF1-B8B2-A77161B90180}"
EndProject
Project("{2150E333-8FDC-42A3-9474-1A3956D46DE8}") = "7 - Documentação", "7 - Documentação", "{600FCA03-9152-4472-B2F8-ACD04C1D15E2}"
	ProjectSection(SolutionItems) = preProject
		README.md = README.md
	EndProjectSection
EndProject
Project("{2150E333-8FDC-42A3-9474-1A3956D46DE8}") = "Integration Services", "Integration Services", "{B23B9702-0829-4914-9E9D-92F9FF3274BA}"
EndProject
Project("{9A19103F-16F7-4668-BE54-9A1E7A4F7556}") = "System.Extensions", "src\System.Extensions\System.Extensions.csproj", "{B104DA93-9439-4270-83EF-861D9C8D6493}"
EndProject
Project("{9A19103F-16F7-4668-BE54-9A1E7A4F7556}") = "System.Xaml.Extensions", "src\System.Xaml.Extensions\System.Xaml.Extensions.csproj", "{F83A486E-39AC-4964-80A4-9C145238D315}"
EndProject
Project("{9A19103F-16F7-4668-BE54-9A1E7A4F7556}") = "Ateliex.Domain", "src\Ateliex.Domain\Ateliex.Domain.csproj", "{F3B3DB18-5AF6-4BEC-B824-04A8A2951913}"
EndProject
Project("{2150E333-8FDC-42A3-9474-1A3956D46DE8}") = "5 - Dependências Externas", "5 - Dependências Externas", "{A89AD699-F5FF-42BA-99A3-131CAEAEC590}"
EndProject
Project("{2150E333-8FDC-42A3-9474-1A3956D46DE8}") = "6 - Cross-Cutting", "6 - Cross-Cutting", "{0917BBB2-8840-4969-A925-056F4400B649}"
EndProject
Project("{2150E333-8FDC-42A3-9474-1A3956D46DE8}") = "2 - Aplicação", "2 - Aplicação", "{72A01BC9-6990-4BB7-A56B-94715B1D783B}"
EndProject
Global
	GlobalSection(SolutionConfigurationPlatforms) = preSolution
		Debug|Any CPU = Debug|Any CPU
		Release|Any CPU = Release|Any CPU
	EndGlobalSection
	GlobalSection(ProjectConfigurationPlatforms) = postSolution
		{D5FCE03C-4FB5-475B-BBD6-BA4F75211680}.Debug|Any CPU.ActiveCfg = Debug|Any CPU
		{D5FCE03C-4FB5-475B-BBD6-BA4F75211680}.Debug|Any CPU.Build.0 = Debug|Any CPU
		{D5FCE03C-4FB5-475B-BBD6-BA4F75211680}.Release|Any CPU.ActiveCfg = Release|Any CPU
		{D5FCE03C-4FB5-475B-BBD6-BA4F75211680}.Release|Any CPU.Build.0 = Release|Any CPU
		{A7AF7EF0-EAE7-4A5E-8A06-C80E667F381E}.Debug|Any CPU.ActiveCfg = Debug|Any CPU
		{A7AF7EF0-EAE7-4A5E-8A06-C80E667F381E}.Debug|Any CPU.Build.0 = Debug|Any CPU
		{A7AF7EF0-EAE7-4A5E-8A06-C80E667F381E}.Release|Any CPU.ActiveCfg = Release|Any CPU
		{A7AF7EF0-EAE7-4A5E-8A06-C80E667F381E}.Release|Any CPU.Build.0 = Release|Any CPU
		{B104DA93-9439-4270-83EF-861D9C8D6493}.Debug|Any CPU.ActiveCfg = Debug|Any CPU
		{B104DA93-9439-4270-83EF-861D9C8D6493}.Debug|Any CPU.Build.0 = Debug|Any CPU
		{B104DA93-9439-4270-83EF-861D9C8D6493}.Release|Any CPU.ActiveCfg = Release|Any CPU
		{B104DA93-9439-4270-83EF-861D9C8D6493}.Release|Any CPU.Build.0 = Release|Any CPU
		{F83A486E-39AC-4964-80A4-9C145238D315}.Debug|Any CPU.ActiveCfg = Debug|Any CPU
		{F83A486E-39AC-4964-80A4-9C145238D315}.Debug|Any CPU.Build.0 = Debug|Any CPU
		{F83A486E-39AC-4964-80A4-9C145238D315}.Release|Any CPU.ActiveCfg = Release|Any CPU
		{F83A486E-39AC-4964-80A4-9C145238D315}.Release|Any CPU.Build.0 = Release|Any CPU
		{F3B3DB18-5AF6-4BEC-B824-04A8A2951913}.Debug|Any CPU.ActiveCfg = Debug|Any CPU
		{F3B3DB18-5AF6-4BEC-B824-04A8A2951913}.Debug|Any CPU.Build.0 = Debug|Any CPU
		{F3B3DB18-5AF6-4BEC-B824-04A8A2951913}.Release|Any CPU.ActiveCfg = Release|Any CPU
		{F3B3DB18-5AF6-4BEC-B824-04A8A2951913}.Release|Any CPU.Build.0 = Release|Any CPU
	EndGlobalSection
	GlobalSection(SolutionProperties) = preSolution
		HideSolutionNode = FALSE
	EndGlobalSection
	GlobalSection(NestedProjects) = preSolution
		{D5FCE03C-4FB5-475B-BBD6-BA4F75211680} = {F487EBF7-B916-4C68-AB6D-BEA7552CCC5D}
		{A7AF7EF0-EAE7-4A5E-8A06-C80E667F381E} = {F487EBF7-B916-4C68-AB6D-BEA7552CCC5D}
		{B23B9702-0829-4914-9E9D-92F9FF3274BA} = {71E464C9-1F85-4DF1-B8B2-A77161B90180}
		{B104DA93-9439-4270-83EF-861D9C8D6493} = {0917BBB2-8840-4969-A925-056F4400B649}
		{F83A486E-39AC-4964-80A4-9C145238D315} = {0917BBB2-8840-4969-A925-056F4400B649}
		{F3B3DB18-5AF6-4BEC-B824-04A8A2951913} = {79517817-E22F-40FC-A6C4-D78E6B2524F7}
	EndGlobalSection
	GlobalSection(ExtensibilityGlobals) = postSolution
		SolutionGuid = {77511B89-6C2F-418C-9FCA-E84E99D314FA}
	EndGlobalSection
EndGlobal
